
Microsoft Visual Studio Solution File, Format Version 12.00
# Visual Studio 14
VisualStudioVersion = 14.0.23107.0
MinimumVisualStudioVersion = 10.0.40219.1
Project("{FAE04EC0-301F-11D3-BF4B-00C04F79EFBC}") = "Triathlete.Domaine", "Triathlete.Domaine\Triathlete.Domaine.csproj", "{56CFEBDF-E9D8-4125-8F12-E989CB2AD156}"
EndProject
Project("{FAE04EC0-301F-11D3-BF4B-00C04F79EFBC}") = "Triathete.Data", "Triathete.Data\Triathete.Data.csproj", "{3130DAB8-5ED3-41D5-B86B-62F2FD79203A}"
EndProject
Project("{FAE04EC0-301F-11D3-BF4B-00C04F79EFBC}") = "Triathlete.Service", "Triathlete.Service\Triathlete.Service.csproj", "{94BDE11C-5945-47AB-9DA7-BAA68B6D05B8}"
EndProject
Project("{FAE04EC0-301F-11D3-BF4B-00C04F79EFBC}") = "Triathlete.Console", "Triathlete.Console\Triathlete.Console.csproj", "{1B43EEF8-1247-4D6E-A54C-6BCD8E828D8C}"
EndProject
Global
	GlobalSection(SolutionConfigurationPlatforms) = preSolution
		Debug|Any CPU = Debug|Any CPU
		Release|Any CPU = Release|Any CPU
	EndGlobalSection
	GlobalSection(ProjectConfigurationPlatforms) = postSolution
		{56CFEBDF-E9D8-4125-8F12-E989CB2AD156}.Debug|Any CPU.ActiveCfg = Debug|Any CPU
		{56CFEBDF-E9D8-4125-8F12-E989CB2AD156}.Debug|Any CPU.Build.0 = Debug|Any CPU
		{56CFEBDF-E9D8-4125-8F12-E989CB2AD156}.Release|Any CPU.ActiveCfg = Release|Any CPU
		{56CFEBDF-E9D8-4125-8F12-E989CB2AD156}.Release|Any CPU.Build.0 = Release|Any CPU
		{3130DAB8-5ED3-41D5-B86B-62F2FD79203A}.Debug|Any CPU.ActiveCfg = Debug|Any CPU
		{3130DAB8-5ED3-41D5-B86B-62F2FD79203A}.Debug|Any CPU.Build.0 = Debug|Any CPU
		{3130DAB8-5ED3-41D5-B86B-62F2FD79203A}.Release|Any CPU.ActiveCfg = Release|Any CPU
		{3130DAB8-5ED3-41D5-B86B-62F2FD79203A}.Release|Any CPU.Build.0 = Release|Any CPU
		{94BDE11C-5945-47AB-9DA7-BAA68B6D05B8}.Debug|Any CPU.ActiveCfg = Debug|Any CPU
		{94BDE11C-5945-47AB-9DA7-BAA68B6D05B8}.Debug|Any CPU.Build.0 = Debug|Any CPU
		{94BDE11C-5945-47AB-9DA7-BAA68B6D05B8}.Release|Any CPU.ActiveCfg = Release|Any CPU
		{94BDE11C-5945-47AB-9DA7-BAA68B6D05B8}.Release|Any CPU.Build.0 = Release|Any CPU
		{1B43EEF8-1247-4D6E-A54C-6BCD8E828D8C}.Debug|Any CPU.ActiveCfg = Debug|Any CPU
		{1B43EEF8-1247-4D6E-A54C-6BCD8E828D8C}.Debug|Any CPU.Build.0 = Debug|Any CPU
		{1B43EEF8-1247-4D6E-A54C-6BCD8E828D8C}.Release|Any CPU.ActiveCfg = Release|Any CPU
		{1B43EEF8-1247-4D6E-A54C-6BCD8E828D8C}.Release|Any CPU.Build.0 = Release|Any CPU
	EndGlobalSection
	GlobalSection(SolutionProperties) = preSolution
		HideSolutionNode = FALSE
	EndGlobalSection
EndGlobal
